
Microsoft Visual Studio Solution File, Format Version 12.00
# Visual Studio 14
VisualStudioVersion = 14.0.25123.0
MinimumVisualStudioVersion = 10.0.40219.1
Project("{FAE04EC0-301F-11D3-BF4B-00C04F79EFBC}") = "WorkflowConsoleApplication1", "WorkflowConsoleApplication1\WorkflowConsoleApplication1.csproj", "{E09D2FEF-B4B2-4B1C-B639-70797E08EA18}"
EndProject
Project("{FAE04EC0-301F-11D3-BF4B-00C04F79EFBC}") = "WcfService2", "WcfService2\WcfService2.csproj", "{8817CB87-0BEB-4DFA-B0C1-CCCB85F29ACA}"
EndProject
Global
	GlobalSection(SolutionConfigurationPlatforms) = preSolution
		Debug|Any CPU = Debug|Any CPU
		Debug|x86 = Debug|x86
		Release|Any CPU = Release|Any CPU
		Release|x86 = Release|x86
	EndGlobalSection
	GlobalSection(ProjectConfigurationPlatforms) = postSolution
		{E09D2FEF-B4B2-4B1C-B639-70797E08EA18}.Debug|Any CPU.ActiveCfg = Debug|x86
		{E09D2FEF-B4B2-4B1C-B639-70797E08EA18}.Debug|x86.ActiveCfg = Debug|x86
		{E09D2FEF-B4B2-4B1C-B639-70797E08EA18}.Debug|x86.Build.0 = Debug|x86
		{E09D2FEF-B4B2-4B1C-B639-70797E08EA18}.Release|Any CPU.ActiveCfg = Release|x86
		{E09D2FEF-B4B2-4B1C-B639-70797E08EA18}.Release|x86.ActiveCfg = Release|x86
		{E09D2FEF-B4B2-4B1C-B639-70797E08EA18}.Release|x86.Build.0 = Release|x86
		{8817CB87-0BEB-4DFA-B0C1-CCCB85F29ACA}.Debug|Any CPU.ActiveCfg = Debug|Any CPU
		{8817CB87-0BEB-4DFA-B0C1-CCCB85F29ACA}.Debug|Any CPU.Build.0 = Debug|Any CPU
		{8817CB87-0BEB-4DFA-B0C1-CCCB85F29ACA}.Debug|x86.ActiveCfg = Debug|Any CPU
		{8817CB87-0BEB-4DFA-B0C1-CCCB85F29ACA}.Debug|x86.Build.0 = Debug|Any CPU
		{8817CB87-0BEB-4DFA-B0C1-CCCB85F29ACA}.Release|Any CPU.ActiveCfg = Release|Any CPU
		{8817CB87-0BEB-4DFA-B0C1-CCCB85F29ACA}.Release|Any CPU.Build.0 = Release|Any CPU
		{8817CB87-0BEB-4DFA-B0C1-CCCB85F29ACA}.Release|x86.ActiveCfg = Release|Any CPU
		{8817CB87-0BEB-4DFA-B0C1-CCCB85F29ACA}.Release|x86.Build.0 = Release|Any CPU
	EndGlobalSection
	GlobalSection(SolutionProperties) = preSolution
		HideSolutionNode = FALSE
	EndGlobalSection
EndGlobal
